
Microsoft Visual Studio Solution File, Format Version 12.00
# Visual Studio Version 17
VisualStudioVersion = 17.9.34723.18
MinimumVisualStudioVersion = 10.0.40219.1
Project("{FAE04EC0-301F-11D3-BF4B-00C04F79EFBC}") = "RestaurantAPI", "RestaurantAPI\RestaurantAPI.csproj", "{EA1DA781-7897-4177-B5F7-ECCE68FB207D}"
EndProject
Global
	GlobalSection(SolutionConfigurationPlatforms) = preSolution
		Debug|Any CPU = Debug|Any CPU
		Release|Any CPU = Release|Any CPU
	EndGlobalSection
	GlobalSection(ProjectConfigurationPlatforms) = postSolution
		{EA1DA781-7897-4177-B5F7-ECCE68FB207D}.Debug|Any CPU.ActiveCfg = Debug|Any CPU
		{EA1DA781-7897-4177-B5F7-ECCE68FB207D}.Debug|Any CPU.Build.0 = Debug|Any CPU
		{EA1DA781-7897-4177-B5F7-ECCE68FB207D}.Release|Any CPU.ActiveCfg = Release|Any CPU
		{EA1DA781-7897-4177-B5F7-ECCE68FB207D}.Release|Any CPU.Build.0 = Release|Any CPU
	EndGlobalSection
	GlobalSection(SolutionProperties) = preSolution
		HideSolutionNode = FALSE
	EndGlobalSection
	GlobalSection(ExtensibilityGlobals) = postSolution
		SolutionGuid = {7CBF7E21-41F9-48F7-BC38-A98C9361D08C}
	EndGlobalSection
EndGlobal
